<?xml version="1.0" encoding="utf-8"?>
<Project ToolsVersion="4.0" xmlns="http://schemas.microsoft.com/developer/msbuild/2003">
  <ItemGroup>
    <Filter Include="Source Files">
      <UniqueIdentifier>{4FC737F1-C7A5-4376-A066-2A32D752A2FF}</UniqueIdentifier>
      <Extensions>cpp;c;cc;cxx;c++;cppm;ixx;def;odl;idl;hpj;bat;asm;asmx</Extensions>
    </Filter>
    <Filter Include="Header Files">
      <UniqueIdentifier>{93995380-89BD-4b04-88EB-625FBE52EBFB}</UniqueIdentifier>
      <Extensions>h;hh;hpp;hxx;h++;hm;inl;inc;ipp;xsd</Extensions>
    </Filter>
    <Filter Include="Resource Files">
      <UniqueIdentifier>{67DA6AB6-F800-4c08-8B7A-83BB121AAD01}</UniqueIdentifier>
      <Extensions>rc;ico;cur;bmp;dlg;rc2;rct;bin;rgs;gif;jpg;jpeg;jpe;resx;tiff;tif;png;wav;mfcribbon-ms</Extensions>
    </Filter>
    <Filter Include="Source Files\Shaders">
      <UniqueIdentifier>{419dcc3f-d971-4150-87e7-0dbe497112ef}</UniqueIdentifier>
    </Filter>
    <Filter Include="Source Files\Classes">
      <UniqueIdentifier>{4bd1d966-c5d4-4b4a-a025-c427e9ca3e12}</UniqueIdentifier>
    </Filter>
    <Filter Include="Source Files\Physics">
      <UniqueIdentifier>{35602a8c-8c35-4bcf-abfe-3f38f222567d}</UniqueIdentifier>
    </Filter>
    <Filter Include="Source Files\Structs">
      <UniqueIdentifier>{bb755e9c-a455-4fc7-80e9-25b6be1aa376}</UniqueIdentifier>
    </Filter>
  </ItemGroup>
  <ItemGroup>
    <ClInclude Include="Misc\framework.h">
      <Filter>Header Files</Filter>
    </ClInclude>
    <ClInclude Include="Misc\NewPhysicsEngine.h">
      <Filter>Header Files</Filter>
    </ClInclude>
    <ClInclude Include="Misc\Resource.h">
      <Filter>Header Files</Filter>
    </ClInclude>
    <ClInclude Include="Misc\targetver.h">
      <Filter>Header Files</Filter>
    </ClInclude>
    <ClInclude Include="Physics\Entity.h">
      <Filter>Header Files</Filter>
    </ClInclude>
    <ClInclude Include="Physics\Scene.h">
      <Filter>Header Files</Filter>
    </ClInclude>
    <ClInclude Include="Renderer\Mesh.h">
      <Filter>Header Files</Filter>
    </ClInclude>
    <ClInclude Include="Renderer\Renderer.h">
      <Filter>Header Files</Filter>
    </ClInclude>
    <ClInclude Include="Renderer\Shader.h">
      <Filter>Header Files</Filter>
    </ClInclude>
    <ClInclude Include="Structs\Color.h">
      <Filter>Header Files</Filter>
    </ClInclude>
    <ClInclude Include="Structs\Vector2.h">
      <Filter>Header Files</Filter>
    </ClInclude>
    <ClInclude Include="Physics\Transform2D.h">
      <Filter>Header Files</Filter>
    </ClInclude>
    <ClInclude Include="Physics\AABB.h">
      <Filter>Header Files</Filter>
    </ClInclude>
    <ClInclude Include="Renderer\Camera.h">
      <Filter>Header Files</Filter>
    </ClInclude>
  </ItemGroup>
  <ItemGroup>
    <ClCompile Include="NewPhysicsEngine.cpp">
      <Filter>Source Files</Filter>
    </ClCompile>
    <ClCompile Include="..\..\WindowsProject1\WindowsProject1\glad.c">
      <Filter>Source Files</Filter>
    </ClCompile>
  </ItemGroup>
  <ItemGroup>
    <ResourceCompile Include="Misc\NewPhysicsEngine.rc">
      <Filter>Resource Files</Filter>
    </ResourceCompile>
  </ItemGroup>
  <ItemGroup>
    <None Include="Shaders\Circle.vert" />
    <None Include="Shaders\Circle.frag" />
  </ItemGroup>
  <ItemGroup>
    <Text Include="Shaders\Something.frag" />
  </ItemGroup>
</Project>